# THIS IS AN AUTOGENERATED FILE. DO NOT EDIT THIS FILE DIRECTLY.
# yarn lockfile v1


mobx@^6.1.8:
  version "6.1.8"
  resolved "https://registry.yarnpkg.com/mobx/-/mobx-6.1.8.tgz#5d03cb76d8f7694dd82bfb2578d886945b66450d"
  integrity sha512-U4yCvUeh6yKXRwFxm2lyJjXPVekOEar/R8ZKWAXem/3fthJqYflViawfjDAUh7lZEvbKqljC3NT/pSaUKpE+gg==
